
Microsoft Visual Studio Solution File, Format Version 12.00
# Visual Studio 14
VisualStudioVersion = 14.0.25420.1
MinimumVisualStudioVersion = 10.0.40219.1
Project("{FAE04EC0-301F-11D3-BF4B-00C04F79EFBC}") = "FinalAssignment", "FinalAssignment\FinalAssignment.csproj", "{291773E3-4392-402C-A588-423F4474122F}"
EndProject
Project("{FAE04EC0-301F-11D3-BF4B-00C04F79EFBC}") = "FinalAssignment.Web", "FinalAssignment.Web\FinalAssignment.Web.csproj", "{725BD101-203F-426A-ABAE-D983AEA95C7A}"
EndProject
Global
	GlobalSection(SolutionConfigurationPlatforms) = preSolution
		Debug|Any CPU = Debug|Any CPU
		Release|Any CPU = Release|Any CPU
	EndGlobalSection
	GlobalSection(ProjectConfigurationPlatforms) = postSolution
		{291773E3-4392-402C-A588-423F4474122F}.Debug|Any CPU.ActiveCfg = Debug|Any CPU
		{291773E3-4392-402C-A588-423F4474122F}.Debug|Any CPU.Build.0 = Debug|Any CPU
		{291773E3-4392-402C-A588-423F4474122F}.Release|Any CPU.ActiveCfg = Release|Any CPU
		{291773E3-4392-402C-A588-423F4474122F}.Release|Any CPU.Build.0 = Release|Any CPU
		{725BD101-203F-426A-ABAE-D983AEA95C7A}.Debug|Any CPU.ActiveCfg = Debug|Any CPU
		{725BD101-203F-426A-ABAE-D983AEA95C7A}.Debug|Any CPU.Build.0 = Debug|Any CPU
		{725BD101-203F-426A-ABAE-D983AEA95C7A}.Release|Any CPU.ActiveCfg = Release|Any CPU
		{725BD101-203F-426A-ABAE-D983AEA95C7A}.Release|Any CPU.Build.0 = Release|Any CPU
	EndGlobalSection
	GlobalSection(SolutionProperties) = preSolution
		HideSolutionNode = FALSE
	EndGlobalSection
EndGlobal
